
Microsoft Visual Studio Solution File, Format Version 12.00
# Visual Studio Version 16
VisualStudioVersion = 16.0.31515.178
MinimumVisualStudioVersion = 10.0.40219.1
Project("{FAE04EC0-301F-11D3-BF4B-00C04F79EFBC}") = "Clase-12082021", "Clase-12082021\Clase-12082021.csproj", "{B53DE812-DB88-4811-A96D-FC06AA41D172}"
EndProject
Global
	GlobalSection(SolutionConfigurationPlatforms) = preSolution
		Debug|Any CPU = Debug|Any CPU
		Release|Any CPU = Release|Any CPU
	EndGlobalSection
	GlobalSection(ProjectConfigurationPlatforms) = postSolution
		{B53DE812-DB88-4811-A96D-FC06AA41D172}.Debug|Any CPU.ActiveCfg = Debug|Any CPU
		{B53DE812-DB88-4811-A96D-FC06AA41D172}.Debug|Any CPU.Build.0 = Debug|Any CPU
		{B53DE812-DB88-4811-A96D-FC06AA41D172}.Release|Any CPU.ActiveCfg = Release|Any CPU
		{B53DE812-DB88-4811-A96D-FC06AA41D172}.Release|Any CPU.Build.0 = Release|Any CPU
	EndGlobalSection
	GlobalSection(SolutionProperties) = preSolution
		HideSolutionNode = FALSE
	EndGlobalSection
	GlobalSection(ExtensibilityGlobals) = postSolution
		SolutionGuid = {4FD8DB02-C26C-44C3-9B6B-91E7F6F29031}
	EndGlobalSection
EndGlobal
